
Microsoft Visual Studio Solution File, Format Version 12.00
# Visual Studio Version 16
VisualStudioVersion = 16.0.30011.22
MinimumVisualStudioVersion = 10.0.40219.1
Project("{FAE04EC0-301F-11D3-BF4B-00C04F79EFBC}") = "ControlDeCalidad.Presentacion", "ControlDeCalidad.Presentacion\ControlDeCalidad.Presentacion.csproj", "{D4B6D4D1-F010-4786-ACAB-A00459550FAA}"
EndProject
Project("{FAE04EC0-301F-11D3-BF4B-00C04F79EFBC}") = "ControlDeCalidad.Dominio", "ControlDeCalidad.Dominio\ControlDeCalidad.Dominio.csproj", "{8C8F307E-642A-4CC9-BD39-C1861140FF89}"
EndProject
Project("{FAE04EC0-301F-11D3-BF4B-00C04F79EFBC}") = "ControlDeCalidad.Datos", "ControlDeCalidad.Datos\ControlDeCalidad.Datos.csproj", "{630CDA81-1824-4C5A-8517-35438356047B}"
EndProject
Global
	GlobalSection(SolutionConfigurationPlatforms) = preSolution
		Debug|Any CPU = Debug|Any CPU
		Release|Any CPU = Release|Any CPU
	EndGlobalSection
	GlobalSection(ProjectConfigurationPlatforms) = postSolution
		{D4B6D4D1-F010-4786-ACAB-A00459550FAA}.Debug|Any CPU.ActiveCfg = Debug|Any CPU
		{D4B6D4D1-F010-4786-ACAB-A00459550FAA}.Debug|Any CPU.Build.0 = Debug|Any CPU
		{D4B6D4D1-F010-4786-ACAB-A00459550FAA}.Release|Any CPU.ActiveCfg = Release|Any CPU
		{D4B6D4D1-F010-4786-ACAB-A00459550FAA}.Release|Any CPU.Build.0 = Release|Any CPU
		{8C8F307E-642A-4CC9-BD39-C1861140FF89}.Debug|Any CPU.ActiveCfg = Debug|Any CPU
		{8C8F307E-642A-4CC9-BD39-C1861140FF89}.Debug|Any CPU.Build.0 = Debug|Any CPU
		{8C8F307E-642A-4CC9-BD39-C1861140FF89}.Release|Any CPU.ActiveCfg = Release|Any CPU
		{8C8F307E-642A-4CC9-BD39-C1861140FF89}.Release|Any CPU.Build.0 = Release|Any CPU
		{630CDA81-1824-4C5A-8517-35438356047B}.Debug|Any CPU.ActiveCfg = Debug|Any CPU
		{630CDA81-1824-4C5A-8517-35438356047B}.Debug|Any CPU.Build.0 = Debug|Any CPU
		{630CDA81-1824-4C5A-8517-35438356047B}.Release|Any CPU.ActiveCfg = Release|Any CPU
		{630CDA81-1824-4C5A-8517-35438356047B}.Release|Any CPU.Build.0 = Release|Any CPU
	EndGlobalSection
	GlobalSection(SolutionProperties) = preSolution
		HideSolutionNode = FALSE
	EndGlobalSection
	GlobalSection(ExtensibilityGlobals) = postSolution
		SolutionGuid = {364B6387-C916-45FC-9288-5BB8FA14467E}
	EndGlobalSection
EndGlobal
